[root]
name = "sarc-tool"
version = "0.1.0"
dependencies = [
 "byteorder 1.0.0 (registry+https://github.com/rust-lang/crates.io-index)",
 "quick-error 1.2.0 (registry+https://github.com/rust-lang/crates.io-index)",
]

[[package]]
name = "byteorder"
version = "1.0.0"
source = "registry+https://github.com/rust-lang/crates.io-index"

[[package]]
name = "quick-error"
version = "1.2.0"
source = "registry+https://github.com/rust-lang/crates.io-index"

[metadata]
"checksum byteorder 1.0.0 (registry+https://github.com/rust-lang/crates.io-index)" = "c40977b0ee6b9885c9013cd41d9feffdd22deb3bb4dc3a71d901cc7a77de18c8"
"checksum quick-error 1.2.0 (registry+https://github.com/rust-lang/crates.io-index)" = "3c36987d4978eb1be2e422b1e0423a557923a5c3e7e6f31d5699e9aafaefa469"
